
Microsoft Visual Studio Solution File, Format Version 12.00
# Visual Studio Version 17
VisualStudioVersion = 17.4.33213.308
MinimumVisualStudioVersion = 10.0.40219.1
Project("{9A19103F-16F7-4668-BE54-9A1E7A4F7556}") = "NoDependencyInjection", "DependencyInjection\NoDependencyInjection.csproj", "{9CE5DC85-F1A3-45C2-BEB4-06FE6E66CB1A}"
EndProject
Global
	GlobalSection(SolutionConfigurationPlatforms) = preSolution
		Debug|Any CPU = Debug|Any CPU
		Release|Any CPU = Release|Any CPU
	EndGlobalSection
	GlobalSection(ProjectConfigurationPlatforms) = postSolution
		{9CE5DC85-F1A3-45C2-BEB4-06FE6E66CB1A}.Debug|Any CPU.ActiveCfg = Debug|Any CPU
		{9CE5DC85-F1A3-45C2-BEB4-06FE6E66CB1A}.Debug|Any CPU.Build.0 = Debug|Any CPU
		{9CE5DC85-F1A3-45C2-BEB4-06FE6E66CB1A}.Release|Any CPU.ActiveCfg = Release|Any CPU
		{9CE5DC85-F1A3-45C2-BEB4-06FE6E66CB1A}.Release|Any CPU.Build.0 = Release|Any CPU
	EndGlobalSection
	GlobalSection(SolutionProperties) = preSolution
		HideSolutionNode = FALSE
	EndGlobalSection
	GlobalSection(ExtensibilityGlobals) = postSolution
		SolutionGuid = {6085CF98-5809-4A6A-BB05-E52E8DD65B45}
	EndGlobalSection
EndGlobal
